<?xml version="1.0" encoding="utf-8"?>
<Project ToolsVersion="4.0" xmlns="http://schemas.microsoft.com/developer/msbuild/2003">
  <ItemGroup>
    <Filter Include="OBSE">
      <UniqueIdentifier>{80bcb3df-b20a-452a-95c2-429c0449defe}</UniqueIdentifier>
    </Filter>
    <Filter Include="Utilities">
      <UniqueIdentifier>{e07a3419-5b0c-4e3d-bb3f-3a7cec73db5c}</UniqueIdentifier>
    </Filter>
    <Filter Include="Resources">
      <UniqueIdentifier>{5491702d-baec-434a-8898-8166b45dd7f8}</UniqueIdentifier>
    </Filter>
  </ItemGroup>
  <ItemGroup>
    <ClCompile Include="..\obse\obse\GameActorValues.cpp">
      <Filter>OBSE</Filter>
    </ClCompile>
    <ClCompile Include="..\obse\obse\GameAPI.cpp">
      <Filter>OBSE</Filter>
    </ClCompile>
    <ClCompile Include="..\obse\obse\GameBSExtraData.cpp">
      <Filter>OBSE</Filter>
    </ClCompile>
    <ClCompile Include="..\obse\obse\GameData.cpp">
      <Filter>OBSE</Filter>
    </ClCompile>
    <ClCompile Include="..\obse\obse\GameForms.cpp">
      <Filter>OBSE</Filter>
    </ClCompile>
    <ClCompile Include="..\obse\obse\GameObjects.cpp">
      <Filter>OBSE</Filter>
    </ClCompile>
    <ClCompile Include="..\obse\obse\GameTasks.cpp">
      <Filter>OBSE</Filter>
    </ClCompile>
    <ClCompile Include="..\obse\obse\GameTypes.cpp">
      <Filter>OBSE</Filter>
    </ClCompile>
    <ClCompile Include="..\obse\obse\NiAPI.cpp">
      <Filter>OBSE</Filter>
    </ClCompile>
    <ClCompile Include="..\obse\obse\NiNodes.cpp">
      <Filter>OBSE</Filter>
    </ClCompile>
    <ClCompile Include="..\obse\obse_common\SafeWrite.cpp">
      <Filter>OBSE</Filter>
    </ClCompile>
    <ClCompile Include="..\obse\obse\Script.cpp">
      <Filter>OBSE</Filter>
    </ClCompile>
    <ClCompile Include="..\obse\obse\Utilities.cpp">
      <Filter>OBSE</Filter>
    </ClCompile>
    <ClCompile Include="Commands.cpp" />
    <ClCompile Include="ConScribeInternals.cpp" />
    <ClCompile Include="dllmain.c">
      <Filter>OBSE</Filter>
    </ClCompile>
    <ClCompile Include="Main.cpp" />
    <ClCompile Include="..\obse\obse\GameExtraData.cpp">
      <Filter>OBSE</Filter>
    </ClCompile>
    <ClCompile Include="..\[Libraries]\SME Sundries\INIManager.cpp">
      <Filter>Utilities</Filter>
    </ClCompile>
    <ClCompile Include="..\[Libraries]\SME Sundries\MemoryHandler.cpp">
      <Filter>Utilities</Filter>
    </ClCompile>
    <ClCompile Include="..\[Libraries]\SME Sundries\MiscGunk.cpp">
      <Filter>Utilities</Filter>
    </ClCompile>
    <ClCompile Include="..\[Libraries]\SME Sundries\StringHelpers.cpp">
      <Filter>Utilities</Filter>
    </ClCompile>
  </ItemGroup>
  <ItemGroup>
    <ClInclude Include="..\obse\obse\GameActorValues.h">
      <Filter>OBSE</Filter>
    </ClInclude>
    <ClInclude Include="..\obse\obse\GameAPI.h">
      <Filter>OBSE</Filter>
    </ClInclude>
    <ClInclude Include="..\obse\obse\GameBSExtraData.h">
      <Filter>OBSE</Filter>
    </ClInclude>
    <ClInclude Include="..\obse\obse\GameData.h">
      <Filter>OBSE</Filter>
    </ClInclude>
    <ClInclude Include="..\obse\obse\GameForms.h">
      <Filter>OBSE</Filter>
    </ClInclude>
    <ClInclude Include="..\obse\obse\GameObjects.h">
      <Filter>OBSE</Filter>
    </ClInclude>
    <ClInclude Include="..\obse\obse\GameRTTI.h">
      <Filter>OBSE</Filter>
    </ClInclude>
    <ClInclude Include="..\obse\obse\GameTasks.h">
      <Filter>OBSE</Filter>
    </ClInclude>
    <ClInclude Include="..\obse\obse\GameTypes.h">
      <Filter>OBSE</Filter>
    </ClInclude>
    <ClInclude Include="..\obse\obse\NiAPI.h">
      <Filter>OBSE</Filter>
    </ClInclude>
    <ClInclude Include="..\obse\obse\NiNodes.h">
      <Filter>OBSE</Filter>
    </ClInclude>
    <ClInclude Include="..\obse\obse\ParamInfos.h">
      <Filter>OBSE</Filter>
    </ClInclude>
    <ClInclude Include="..\obse\obse\PluginAPI.h">
      <Filter>OBSE</Filter>
    </ClInclude>
    <ClInclude Include="..\obse\obse_common\SafeWrite.h">
      <Filter>OBSE</Filter>
    </ClInclude>
    <ClInclude Include="..\obse\obse\Script.h">
      <Filter>OBSE</Filter>
    </ClInclude>
    <ClInclude Include="..\obse\obse\ScriptUtils.h">
      <Filter>OBSE</Filter>
    </ClInclude>
    <ClInclude Include="..\obse\obse\Utilities.h">
      <Filter>OBSE</Filter>
    </ClInclude>
    <ClInclude Include="Commands.h" />
    <ClInclude Include="ConScribeInternals.h" />
    <ClInclude Include="..\obse\obse\GameExtraData.h">
      <Filter>OBSE</Filter>
    </ClInclude>
    <ClInclude Include="VersionInfo.h">
      <Filter>Resources</Filter>
    </ClInclude>
    <ClInclude Include="..\[Libraries]\SME Sundries\INIManager.h">
      <Filter>Utilities</Filter>
    </ClInclude>
    <ClInclude Include="..\[Libraries]\SME Sundries\MemoryHandler.h">
      <Filter>Utilities</Filter>
    </ClInclude>
    <ClInclude Include="..\[Libraries]\SME Sundries\MiscGunk.h">
      <Filter>Utilities</Filter>
    </ClInclude>
    <ClInclude Include="..\[Libraries]\SME Sundries\SME_Prefix.h">
      <Filter>Utilities</Filter>
    </ClInclude>
    <ClInclude Include="..\[Libraries]\SME Sundries\StringHelpers.h">
      <Filter>Utilities</Filter>
    </ClInclude>
  </ItemGroup>
  <ItemGroup>
    <None Include="..\obse\obse\GameRTTI_1_2_416.inl">
      <Filter>OBSE</Filter>
    </None>
    <None Include="exports.def">
      <Filter>OBSE</Filter>
    </None>
  </ItemGroup>
  <ItemGroup>
    <ResourceCompile Include="VersionInfo.rc">
      <Filter>Resources</Filter>
    </ResourceCompile>
  </ItemGroup>
</Project>